
Microsoft Visual Studio Solution File, Format Version 11.00
# Visual Studio 2010
Project("{FAE04EC0-301F-11D3-BF4B-00C04F79EFBC}") = "Assembly-CSharp", "Assembly-CSharp.csproj", "{657b682c-4255-ed3e-32bd-84ed7c1aef0e}"
EndProject
Project("{FAE04EC0-301F-11D3-BF4B-00C04F79EFBC}") = "Assembly-CSharp-Editor", "Assembly-CSharp-Editor.csproj", "{14e935b6-6317-c185-2ff3-41e3bad54612}"
EndProject
Global
	GlobalSection(SolutionConfigurationPlatforms) = preSolution
		Debug|Any CPU = Debug|Any CPU
	EndGlobalSection
	GlobalSection(ProjectConfigurationPlatforms) = postSolution
		{657b682c-4255-ed3e-32bd-84ed7c1aef0e}.Debug|Any CPU.ActiveCfg = Debug|Any CPU
		{657b682c-4255-ed3e-32bd-84ed7c1aef0e}.Debug|Any CPU.Build.0 = Debug|Any CPU
		{14e935b6-6317-c185-2ff3-41e3bad54612}.Debug|Any CPU.ActiveCfg = Debug|Any CPU
		{14e935b6-6317-c185-2ff3-41e3bad54612}.Debug|Any CPU.Build.0 = Debug|Any CPU
	EndGlobalSection
	GlobalSection(SolutionProperties) = preSolution
		HideSolutionNode = FALSE
	EndGlobalSection
EndGlobal
